// !$*UTF8*$!
{
	archiveVersion = 1;
	classes = {
	};
	objectVersion = 46;
	objects = {

/* Begin PBXBuildFile section */
		C02245591B21156B0019FB17 /* Images.xcassets in Resources */ = {isa = PBXBuildFile; fileRef = C02245581B21156B0019FB17 /* Images.xcassets */; };
		C022455D1B2126930019FB17 /* Foundation.framework in Frameworks */ = {isa = PBXBuildFile; fileRef = C022455C1B2126930019FB17 /* Foundation.framework */; };
		C02245611B21297B0019FB17 /* Localizable.strings in Resources */ = {isa = PBXBuildFile; fileRef = C02245631B21297B0019FB17 /* Localizable.strings */; };
		C02245681B2136C90019FB17 /* ResearchFlightsTests.m in Sources */ = {isa = PBXBuildFile; fileRef = C02245671B2136C90019FB17 /* ResearchFlightsTests.m */; };
		C02280551B1FEC6400F164F1 /* FlightServices.m in Sources */ = {isa = PBXBuildFile; fileRef = C02280541B1FEC6400F164F1 /* FlightServices.m */; };
		C02280581B1FF28D00F164F1 /* FlightSearchPresentation.m in Sources */ = {isa = PBXBuildFile; fileRef = C02280571B1FF28D00F164F1 /* FlightSearchPresentation.m */; };
		C022805B1B2006E800F164F1 /* DataManager.m in Sources */ = {isa = PBXBuildFile; fileRef = C022805A1B2006E800F164F1 /* DataManager.m */; };
		C022805F1B20125500F164F1 /* NetworkUtils.m in Sources */ = {isa = PBXBuildFile; fileRef = C022805E1B20125500F164F1 /* NetworkUtils.m */; };
		C02D45E81B71910800383535 /* GeneralUtils.m in Sources */ = {isa = PBXBuildFile; fileRef = C02D45E71B71910800383535 /* GeneralUtils.m */; };
		C02D45EB1B71A45400383535 /* Categories.m in Sources */ = {isa = PBXBuildFile; fileRef = C02D45EA1B71A45400383535 /* Categories.m */; };
		C04AB2E61B1EB5E200333F05 /* main.m in Sources */ = {isa = PBXBuildFile; fileRef = C04AB2E51B1EB5E200333F05 /* main.m */; };
		C04AB2E91B1EB5E200333F05 /* AppDelegate.m in Sources */ = {isa = PBXBuildFile; fileRef = C04AB2E81B1EB5E200333F05 /* AppDelegate.m */; };
		C04AB2EF1B1EB5E200333F05 /* Main.storyboard in Resources */ = {isa = PBXBuildFile; fileRef = C04AB2ED1B1EB5E200333F05 /* Main.storyboard */; };
		C04AB2F41B1EB5E200333F05 /* LaunchScreen.xib in Resources */ = {isa = PBXBuildFile; fileRef = C04AB2F21B1EB5E200333F05 /* LaunchScreen.xib */; };
		C04AB3001B1EB5E300333F05 /* Flight_SearchTests.m in Sources */ = {isa = PBXBuildFile; fileRef = C04AB2FF1B1EB5E300333F05 /* Flight_SearchTests.m */; };
		C04AB30E1B1EBA9800333F05 /* Constants.m in Sources */ = {isa = PBXBuildFile; fileRef = C04AB30D1B1EBA9800333F05 /* Constants.m */; };
		C04AB31E1B1EBD9E00333F05 /* Flight.m in Sources */ = {isa = PBXBuildFile; fileRef = C04AB31D1B1EBD9E00333F05 /* Flight.m */; };
		C04AB3211B1EC37000333F05 /* SearchFlightTableViewController.m in Sources */ = {isa = PBXBuildFile; fileRef = C04AB3201B1EC37000333F05 /* SearchFlightTableViewController.m */; };
		C04AB3241B1EC3B400333F05 /* ListFlightsTableViewController.m in Sources */ = {isa = PBXBuildFile; fileRef = C04AB3231B1EC3B400333F05 /* ListFlightsTableViewController.m */; };
		DFEEB880B017C4983A8E9204 /* libPods.a in Frameworks */ = {isa = PBXBuildFile; fileRef = E6A3E4BD295EF64993EF2752 /* libPods.a */; };
/* End PBXBuildFile section */

/* Begin PBXContainerItemProxy section */
		C04AB2FA1B1EB5E300333F05 /* PBXContainerItemProxy */ = {
			isa = PBXContainerItemProxy;
			containerPortal = C04AB2D81B1EB5E100333F05 /* Project object */;
			proxyType = 1;
			remoteGlobalIDString = C04AB2DF1B1EB5E200333F05;
			remoteInfo = "Flight Search";
		};
/* End PBXContainerItemProxy section */

/* Begin PBXFileReference section */
		3AB77D37870A1B8F5E16F51E /* Pods.debug.xcconfig */ = {isa = PBXFileReference; includeInIndex = 1; lastKnownFileType = text.xcconfig; name = Pods.debug.xcconfig; path = "Pods/Target Support Files/Pods/Pods.debug.xcconfig"; sourceTree = "<group>"; };
		5995C1EE603912972442646E /* Pods.release.xcconfig */ = {isa = PBXFileReference; includeInIndex = 1; lastKnownFileType = text.xcconfig; name = Pods.release.xcconfig; path = "Pods/Target Support Files/Pods/Pods.release.xcconfig"; sourceTree = "<group>"; };
		C02245581B21156B0019FB17 /* Images.xcassets */ = {isa = PBXFileReference; lastKnownFileType = folder.assetcatalog; path = Images.xcassets; sourceTree = "<group>"; };
		C022455C1B2126930019FB17 /* Foundation.framework */ = {isa = PBXFileReference; lastKnownFileType = wrapper.framework; name = Foundation.framework; path = System/Library/Frameworks/Foundation.framework; sourceTree = SDKROOT; };
		C022455F1B2128F90019FB17 /* it */ = {isa = PBXFileReference; lastKnownFileType = text.plist.strings; name = it; path = it.lproj/Main.strings; sourceTree = "<group>"; };
		C02245601B2128F90019FB17 /* it */ = {isa = PBXFileReference; lastKnownFileType = text.plist.strings; name = it; path = it.lproj/LaunchScreen.strings; sourceTree = "<group>"; };
		C02245641B2129870019FB17 /* en */ = {isa = PBXFileReference; lastKnownFileType = text.plist.strings; name = en; path = en.lproj/Localizable.strings; sourceTree = "<group>"; };
		C02245651B21299E0019FB17 /* it */ = {isa = PBXFileReference; lastKnownFileType = text.plist.strings; name = it; path = it.lproj/Localizable.strings; sourceTree = "<group>"; };
		C02245671B2136C90019FB17 /* ResearchFlightsTests.m */ = {isa = PBXFileReference; fileEncoding = 4; lastKnownFileType = sourcecode.c.objc; path = ResearchFlightsTests.m; sourceTree = "<group>"; };
		C02280531B1FEC6400F164F1 /* FlightServices.h */ = {isa = PBXFileReference; fileEncoding = 4; lastKnownFileType = sourcecode.c.h; path = FlightServices.h; sourceTree = "<group>"; };
		C02280541B1FEC6400F164F1 /* FlightServices.m */ = {isa = PBXFileReference; fileEncoding = 4; lastKnownFileType = sourcecode.c.objc; path = FlightServices.m; sourceTree = "<group>"; };
		C02280561B1FF28D00F164F1 /* FlightSearchPresentation.h */ = {isa = PBXFileReference; fileEncoding = 4; lastKnownFileType = sourcecode.c.h; path = FlightSearchPresentation.h; sourceTree = "<group>"; };
		C02280571B1FF28D00F164F1 /* FlightSearchPresentation.m */ = {isa = PBXFileReference; fileEncoding = 4; lastKnownFileType = sourcecode.c.objc; path = FlightSearchPresentation.m; sourceTree = "<group>"; };
		C02280591B2006E800F164F1 /* DataManager.h */ = {isa = PBXFileReference; fileEncoding = 4; lastKnownFileType = sourcecode.c.h; path = DataManager.h; sourceTree = "<group>"; };
		C022805A1B2006E800F164F1 /* DataManager.m */ = {isa = PBXFileReference; fileEncoding = 4; lastKnownFileType = sourcecode.c.objc; path = DataManager.m; sourceTree = "<group>"; };
		C022805D1B20125500F164F1 /* NetworkUtils.h */ = {isa = PBXFileReference; fileEncoding = 4; lastKnownFileType = sourcecode.c.h; path = NetworkUtils.h; sourceTree = "<group>"; };
		C022805E1B20125500F164F1 /* NetworkUtils.m */ = {isa = PBXFileReference; fileEncoding = 4; lastKnownFileType = sourcecode.c.objc; path = NetworkUtils.m; sourceTree = "<group>"; };
		C02D45E61B71910800383535 /* GeneralUtils.h */ = {isa = PBXFileReference; fileEncoding = 4; lastKnownFileType = sourcecode.c.h; path = GeneralUtils.h; sourceTree = "<group>"; };
		C02D45E71B71910800383535 /* GeneralUtils.m */ = {isa = PBXFileReference; fileEncoding = 4; lastKnownFileType = sourcecode.c.objc; path = GeneralUtils.m; sourceTree = "<group>"; };
		C02D45E91B71A45400383535 /* Categories.h */ = {isa = PBXFileReference; fileEncoding = 4; lastKnownFileType = sourcecode.c.h; path = Categories.h; sourceTree = "<group>"; };
		C02D45EA1B71A45400383535 /* Categories.m */ = {isa = PBXFileReference; fileEncoding = 4; lastKnownFileType = sourcecode.c.objc; path = Categories.m; sourceTree = "<group>"; };
		C04AB2E01B1EB5E200333F05 /* Flight Search.app */ = {isa = PBXFileReference; explicitFileType = wrapper.application; includeInIndex = 0; path = "Flight Search.app"; sourceTree = BUILT_PRODUCTS_DIR; };
		C04AB2E41B1EB5E200333F05 /* Info.plist */ = {isa = PBXFileReference; lastKnownFileType = text.plist.xml; path = Info.plist; sourceTree = "<group>"; };
		C04AB2E51B1EB5E200333F05 /* main.m */ = {isa = PBXFileReference; lastKnownFileType = sourcecode.c.objc; path = main.m; sourceTree = "<group>"; };
		C04AB2E71B1EB5E200333F05 /* AppDelegate.h */ = {isa = PBXFileReference; lastKnownFileType = sourcecode.c.h; path = AppDelegate.h; sourceTree = "<group>"; };
		C04AB2E81B1EB5E200333F05 /* AppDelegate.m */ = {isa = PBXFileReference; lastKnownFileType = sourcecode.c.objc; path = AppDelegate.m; sourceTree = "<group>"; };
		C04AB2EE1B1EB5E200333F05 /* Base */ = {isa = PBXFileReference; lastKnownFileType = file.storyboard; name = Base; path = Base.lproj/Main.storyboard; sourceTree = "<group>"; };
		C04AB2F31B1EB5E200333F05 /* Base */ = {isa = PBXFileReference; lastKnownFileType = file.xib; name = Base; path = Base.lproj/LaunchScreen.xib; sourceTree = "<group>"; };
		C04AB2F91B1EB5E300333F05 /* Flight SearchTests.xctest */ = {isa = PBXFileReference; explicitFileType = wrapper.cfbundle; includeInIndex = 0; path = "Flight SearchTests.xctest"; sourceTree = BUILT_PRODUCTS_DIR; };
		C04AB2FE1B1EB5E300333F05 /* Info.plist */ = {isa = PBXFileReference; lastKnownFileType = text.plist.xml; path = Info.plist; sourceTree = "<group>"; };
		C04AB2FF1B1EB5E300333F05 /* Flight_SearchTests.m */ = {isa = PBXFileReference; lastKnownFileType = sourcecode.c.objc; path = Flight_SearchTests.m; sourceTree = "<group>"; };
		C04AB30C1B1EBA9800333F05 /* Constants.h */ = {isa = PBXFileReference; fileEncoding = 4; lastKnownFileType = sourcecode.c.h; path = Constants.h; sourceTree = "<group>"; };
		C04AB30D1B1EBA9800333F05 /* Constants.m */ = {isa = PBXFileReference; fileEncoding = 4; lastKnownFileType = sourcecode.c.objc; path = Constants.m; sourceTree = "<group>"; };
		C04AB31C1B1EBD9E00333F05 /* Flight.h */ = {isa = PBXFileReference; fileEncoding = 4; lastKnownFileType = sourcecode.c.h; path = Flight.h; sourceTree = "<group>"; };
		C04AB31D1B1EBD9E00333F05 /* Flight.m */ = {isa = PBXFileReference; fileEncoding = 4; lastKnownFileType = sourcecode.c.objc; path = Flight.m; sourceTree = "<group>"; };
		C04AB31F1B1EC37000333F05 /* SearchFlightTableViewController.h */ = {isa = PBXFileReference; fileEncoding = 4; lastKnownFileType = sourcecode.c.h; path = SearchFlightTableViewController.h; sourceTree = "<group>"; };
		C04AB3201B1EC37000333F05 /* SearchFlightTableViewController.m */ = {isa = PBXFileReference; fileEncoding = 4; lastKnownFileType = sourcecode.c.objc; path = SearchFlightTableViewController.m; sourceTree = "<group>"; };
		C04AB3221B1EC3B400333F05 /* ListFlightsTableViewController.h */ = {isa = PBXFileReference; fileEncoding = 4; lastKnownFileType = sourcecode.c.h; path = ListFlightsTableViewController.h; sourceTree = "<group>"; };
		C04AB3231B1EC3B400333F05 /* ListFlightsTableViewController.m */ = {isa = PBXFileReference; fileEncoding = 4; lastKnownFileType = sourcecode.c.objc; path = ListFlightsTableViewController.m; sourceTree = "<group>"; };
		E6A3E4BD295EF64993EF2752 /* libPods.a */ = {isa = PBXFileReference; explicitFileType = archive.ar; includeInIndex = 0; path = libPods.a; sourceTree = BUILT_PRODUCTS_DIR; };
/* End PBXFileReference section */

/* Begin PBXFrameworksBuildPhase section */
		C04AB2DD1B1EB5E200333F05 /* Frameworks */ = {
			isa = PBXFrameworksBuildPhase;
			buildActionMask = 2147483647;
			files = (
				C022455D1B2126930019FB17 /* Foundation.framework in Frameworks */,
				DFEEB880B017C4983A8E9204 /* libPods.a in Frameworks */,
			);
			runOnlyForDeploymentPostprocessing = 0;
		};
		C04AB2F61B1EB5E300333F05 /* Frameworks */ = {
			isa = PBXFrameworksBuildPhase;
			buildActionMask = 2147483647;
			files = (
			);
			runOnlyForDeploymentPostprocessing = 0;
		};
/* End PBXFrameworksBuildPhase section */

/* Begin PBXGroup section */
		C02280521B1FEC3500F164F1 /* Services */ = {
			isa = PBXGroup;
			children = (
				C02280531B1FEC6400F164F1 /* FlightServices.h */,
				C02280541B1FEC6400F164F1 /* FlightServices.m */,
			);
			path = Services;
			sourceTree = "<group>";
		};
		C022805C1B20123400F164F1 /* Utils */ = {
			isa = PBXGroup;
			children = (
				C022805D1B20125500F164F1 /* NetworkUtils.h */,
				C022805E1B20125500F164F1 /* NetworkUtils.m */,
				C02D45E61B71910800383535 /* GeneralUtils.h */,
				C02D45E71B71910800383535 /* GeneralUtils.m */,
			);
			path = Utils;
			sourceTree = "<group>";
		};
		C04AB2D71B1EB5E100333F05 = {
			isa = PBXGroup;
			children = (
				C04AB2E21B1EB5E200333F05 /* Flight Search */,
				C04AB2FC1B1EB5E300333F05 /* Flight SearchTests */,
				C04AB2E11B1EB5E200333F05 /* Products */,
				D90212D2B6C6DAA8A9E681D1 /* Pods */,
				C607F1410CF9DDA53651EC73 /* Frameworks */,
			);
			sourceTree = "<group>";
		};
		C04AB2E11B1EB5E200333F05 /* Products */ = {
			isa = PBXGroup;
			children = (
				C04AB2E01B1EB5E200333F05 /* Flight Search.app */,
				C04AB2F91B1EB5E300333F05 /* Flight SearchTests.xctest */,
			);
			name = Products;
			sourceTree = "<group>";
		};
		C04AB2E21B1EB5E200333F05 /* Flight Search */ = {
			isa = PBXGroup;
			children = (
				C04AB2E31B1EB5E200333F05 /* Supporting Files */,
				C022805C1B20123400F164F1 /* Utils */,
				C02280521B1FEC3500F164F1 /* Services */,
				C04AB30A1B1EBA1700333F05 /* Entities */,
				C04AB3091B1EB94700333F05 /* Use Cases */,
				C04AB2ED1B1EB5E200333F05 /* Main.storyboard */,
				C04AB2F21B1EB5E200333F05 /* LaunchScreen.xib */,
				C04AB30C1B1EBA9800333F05 /* Constants.h */,
				C04AB30D1B1EBA9800333F05 /* Constants.m */,
				C04AB2E71B1EB5E200333F05 /* AppDelegate.h */,
				C04AB2E81B1EB5E200333F05 /* AppDelegate.m */,
				C02280591B2006E800F164F1 /* DataManager.h */,
				C022805A1B2006E800F164F1 /* DataManager.m */,
				C02D45E91B71A45400383535 /* Categories.h */,
				C02D45EA1B71A45400383535 /* Categories.m */,
			);
			path = "Flight Search";
			sourceTree = "<group>";
		};
		C04AB2E31B1EB5E200333F05 /* Supporting Files */ = {
			isa = PBXGroup;
			children = (
				C04AB2E41B1EB5E200333F05 /* Info.plist */,
				C04AB2E51B1EB5E200333F05 /* main.m */,
				C02245581B21156B0019FB17 /* Images.xcassets */,
				C02245631B21297B0019FB17 /* Localizable.strings */,
			);
			name = "Supporting Files";
			sourceTree = "<group>";
		};
		C04AB2FC1B1EB5E300333F05 /* Flight SearchTests */ = {
			isa = PBXGroup;
			children = (
				C04AB2FF1B1EB5E300333F05 /* Flight_SearchTests.m */,
				C02245671B2136C90019FB17 /* ResearchFlightsTests.m */,
				C04AB2FD1B1EB5E300333F05 /* Supporting Files */,
			);
			path = "Flight SearchTests";
			sourceTree = "<group>";
		};
		C04AB2FD1B1EB5E300333F05 /* Supporting Files */ = {
			isa = PBXGroup;
			children = (
				C04AB2FE1B1EB5E300333F05 /* Info.plist */,
			);
			name = "Supporting Files";
			sourceTree = "<group>";
		};
		C04AB3091B1EB94700333F05 /* Use Cases */ = {
			isa = PBXGroup;
			children = (
				C04AB3121B1EBB1F00333F05 /* Research Flights */,
			);
			path = "Use Cases";
			sourceTree = "<group>";
		};
		C04AB30A1B1EBA1700333F05 /* Entities */ = {
			isa = PBXGroup;
			children = (
				C04AB31C1B1EBD9E00333F05 /* Flight.h */,
				C04AB31D1B1EBD9E00333F05 /* Flight.m */,
			);
			path = Entities;
			sourceTree = "<group>";
		};
		C04AB3121B1EBB1F00333F05 /* Research Flights */ = {
			isa = PBXGroup;
			children = (
				C04AB31F1B1EC37000333F05 /* SearchFlightTableViewController.h */,
				C04AB3201B1EC37000333F05 /* SearchFlightTableViewController.m */,
				C04AB3221B1EC3B400333F05 /* ListFlightsTableViewController.h */,
				C04AB3231B1EC3B400333F05 /* ListFlightsTableViewController.m */,
				C02280561B1FF28D00F164F1 /* FlightSearchPresentation.h */,
				C02280571B1FF28D00F164F1 /* FlightSearchPresentation.m */,
			);
			path = "Research Flights";
			sourceTree = "<group>";
		};
		C607F1410CF9DDA53651EC73 /* Frameworks */ = {
			isa = PBXGroup;
			children = (
				C022455C1B2126930019FB17 /* Foundation.framework */,
				E6A3E4BD295EF64993EF2752 /* libPods.a */,
			);
			name = Frameworks;
			sourceTree = "<group>";
		};
		D90212D2B6C6DAA8A9E681D1 /* Pods */ = {
			isa = PBXGroup;
			children = (
				3AB77D37870A1B8F5E16F51E /* Pods.debug.xcconfig */,
				5995C1EE603912972442646E /* Pods.release.xcconfig */,
			);
			name = Pods;
			sourceTree = "<group>";
		};
/* End PBXGroup section */

/* Begin PBXNativeTarget section */
		C04AB2DF1B1EB5E200333F05 /* Flight Search */ = {
			isa = PBXNativeTarget;
			buildConfigurationList = C04AB3031B1EB5E300333F05 /* Build configuration list for PBXNativeTarget "Flight Search" */;
			buildPhases = (
				9E86FC7097EE854002294D9A /* Check Pods Manifest.lock */,
				C04AB2DC1B1EB5E200333F05 /* Sources */,
				C04AB2DD1B1EB5E200333F05 /* Frameworks */,
				C04AB2DE1B1EB5E200333F05 /* Resources */,
				9C20B48EABCC18250C759875 /* Copy Pods Resources */,
			);
			buildRules = (
			);
			dependencies = (
			);
			name = "Flight Search";
			productName = "Flight Search";
			productReference = C04AB2E01B1EB5E200333F05 /* Flight Search.app */;
			productType = "com.apple.product-type.application";
		};
		C04AB2F81B1EB5E300333F05 /* Flight SearchTests */ = {
			isa = PBXNativeTarget;
			buildConfigurationList = C04AB3061B1EB5E300333F05 /* Build configuration list for PBXNativeTarget "Flight SearchTests" */;
			buildPhases = (
				C04AB2F51B1EB5E300333F05 /* Sources */,
				C04AB2F61B1EB5E300333F05 /* Frameworks */,
				C04AB2F71B1EB5E300333F05 /* Resources */,
			);
			buildRules = (
			);
			dependencies = (
				C04AB2FB1B1EB5E300333F05 /* PBXTargetDependency */,
			);
			name = "Flight SearchTests";
			productName = "Flight SearchTests";
			productReference = C04AB2F91B1EB5E300333F05 /* Flight SearchTests.xctest */;
			productType = "com.apple.product-type.bundle.unit-test";
		};
/* End PBXNativeTarget section */

/* Begin PBXProject section */
		C04AB2D81B1EB5E100333F05 /* Project object */ = {
			isa = PBXProject;
			attributes = {
				LastUpgradeCheck = 0630;
				ORGANIZATIONNAME = "Domenico Soldo";
				TargetAttributes = {
					C04AB2DF1B1EB5E200333F05 = {
						CreatedOnToolsVersion = 6.3.2;
					};
					C04AB2F81B1EB5E300333F05 = {
						CreatedOnToolsVersion = 6.3.2;
						TestTargetID = C04AB2DF1B1EB5E200333F05;
					};
				};
			};
			buildConfigurationList = C04AB2DB1B1EB5E100333F05 /* Build configuration list for PBXProject "Flight Search" */;
			compatibilityVersion = "Xcode 3.2";
			developmentRegion = English;
			hasScannedForEncodings = 0;
			knownRegions = (
				en,
				Base,
				it,
			);
			mainGroup = C04AB2D71B1EB5E100333F05;
			productRefGroup = C04AB2E11B1EB5E200333F05 /* Products */;
			projectDirPath = "";
			projectRoot = "";
			targets = (
				C04AB2DF1B1EB5E200333F05 /* Flight Search */,
				C04AB2F81B1EB5E300333F05 /* Flight SearchTests */,
			);
		};
/* End PBXProject section */

/* Begin PBXResourcesBuildPhase section */
		C04AB2DE1B1EB5E200333F05 /* Resources */ = {
			isa = PBXResourcesBuildPhase;
			buildActionMask = 2147483647;
			files = (
				C02245591B21156B0019FB17 /* Images.xcassets in Resources */,
				C02245611B21297B0019FB17 /* Localizable.strings in Resources */,
				C04AB2EF1B1EB5E200333F05 /* Main.storyboard in Resources */,
				C04AB2F41B1EB5E200333F05 /* LaunchScreen.xib in Resources */,
			);
			runOnlyForDeploymentPostprocessing = 0;
		};
		C04AB2F71B1EB5E300333F05 /* Resources */ = {
			isa = PBXResourcesBuildPhase;
			buildActionMask = 2147483647;
			files = (
			);
			runOnlyForDeploymentPostprocessing = 0;
		};
/* End PBXResourcesBuildPhase section */

/* Begin PBXShellScriptBuildPhase section */
		9C20B48EABCC18250C759875 /* Copy Pods Resources */ = {
			isa = PBXShellScriptBuildPhase;
			buildActionMask = 2147483647;
			files = (
			);
			inputPaths = (
			);
			name = "Copy Pods Resources";
			outputPaths = (
			);
			runOnlyForDeploymentPostprocessing = 0;
			shellPath = /bin/sh;
			shellScript = "\"${SRCROOT}/Pods/Target Support Files/Pods/Pods-resources.sh\"\n";
			showEnvVarsInLog = 0;
		};
		9E86FC7097EE854002294D9A /* Check Pods Manifest.lock */ = {
			isa = PBXShellScriptBuildPhase;
			buildActionMask = 2147483647;
			files = (
			);
			inputPaths = (
			);
			name = "Check Pods Manifest.lock";
			outputPaths = (
			);
			runOnlyForDeploymentPostprocessing = 0;
			shellPath = /bin/sh;
			shellScript = "diff \"${PODS_ROOT}/../Podfile.lock\" \"${PODS_ROOT}/Manifest.lock\" > /dev/null\nif [[ $? != 0 ]] ; then\n    cat << EOM\nerror: The sandbox is not in sync with the Podfile.lock. Run 'pod install' or update your CocoaPods installation.\nEOM\n    exit 1\nfi\n";
			showEnvVarsInLog = 0;
		};
/* End PBXShellScriptBuildPhase section */

/* Begin PBXSourcesBuildPhase section */
		C04AB2DC1B1EB5E200333F05 /* Sources */ = {
			isa = PBXSourcesBuildPhase;
			buildActionMask = 2147483647;
			files = (
				C04AB2E91B1EB5E200333F05 /* AppDelegate.m in Sources */,
				C02D45EB1B71A45400383535 /* Categories.m in Sources */,
				C04AB3211B1EC37000333F05 /* SearchFlightTableViewController.m in Sources */,
				C022805F1B20125500F164F1 /* NetworkUtils.m in Sources */,
				C04AB2E61B1EB5E200333F05 /* main.m in Sources */,
				C02D45E81B71910800383535 /* GeneralUtils.m in Sources */,
				C02280551B1FEC6400F164F1 /* FlightServices.m in Sources */,
				C04AB30E1B1EBA9800333F05 /* Constants.m in Sources */,
				C02280581B1FF28D00F164F1 /* FlightSearchPresentation.m in Sources */,
				C04AB3241B1EC3B400333F05 /* ListFlightsTableViewController.m in Sources */,
				C022805B1B2006E800F164F1 /* DataManager.m in Sources */,
				C04AB31E1B1EBD9E00333F05 /* Flight.m in Sources */,
			);
			runOnlyForDeploymentPostprocessing = 0;
		};
		C04AB2F51B1EB5E300333F05 /* Sources */ = {
			isa = PBXSourcesBuildPhase;
			buildActionMask = 2147483647;
			files = (
				C02245681B2136C90019FB17 /* ResearchFlightsTests.m in Sources */,
				C04AB3001B1EB5E300333F05 /* Flight_SearchTests.m in Sources */,
			);
			runOnlyForDeploymentPostprocessing = 0;
		};
/* End PBXSourcesBuildPhase section */

/* Begin PBXTargetDependency section */
		C04AB2FB1B1EB5E300333F05 /* PBXTargetDependency */ = {
			isa = PBXTargetDependency;
			target = C04AB2DF1B1EB5E200333F05 /* Flight Search */;
			targetProxy = C04AB2FA1B1EB5E300333F05 /* PBXContainerItemProxy */;
		};
/* End PBXTargetDependency section */

/* Begin PBXVariantGroup section */
		C02245631B21297B0019FB17 /* Localizable.strings */ = {
			isa = PBXVariantGroup;
			children = (
				C02245641B2129870019FB17 /* en */,
				C02245651B21299E0019FB17 /* it */,
			);
			name = Localizable.strings;
			sourceTree = "<group>";
		};
		C04AB2ED1B1EB5E200333F05 /* Main.storyboard */ = {
			isa = PBXVariantGroup;
			children = (
				C04AB2EE1B1EB5E200333F05 /* Base */,
				C022455F1B2128F90019FB17 /* it */,
			);
			name = Main.storyboard;
			sourceTree = "<group>";
		};
		C04AB2F21B1EB5E200333F05 /* LaunchScreen.xib */ = {
			isa = PBXVariantGroup;
			children = (
				C04AB2F31B1EB5E200333F05 /* Base */,
				C02245601B2128F90019FB17 /* it */,
			);
			name = LaunchScreen.xib;
			sourceTree = "<group>";
		};
/* End PBXVariantGroup section */

/* Begin XCBuildConfiguration section */
		C04AB3011B1EB5E300333F05 /* Debug */ = {
			isa = XCBuildConfiguration;
			baseConfigurationReference = 3AB77D37870A1B8F5E16F51E /* Pods.debug.xcconfig */;
			buildSettings = {
				ALWAYS_SEARCH_USER_PATHS = NO;
				CLANG_CXX_LANGUAGE_STANDARD = "gnu++0x";
				CLANG_CXX_LIBRARY = "libc++";
				CLANG_ENABLE_MODULES = YES;
				CLANG_ENABLE_OBJC_ARC = YES;
				CLANG_WARN_BOOL_CONVERSION = YES;
				CLANG_WARN_CONSTANT_CONVERSION = YES;
				CLANG_WARN_DIRECT_OBJC_ISA_USAGE = YES_ERROR;
				CLANG_WARN_EMPTY_BODY = YES;
				CLANG_WARN_ENUM_CONVERSION = YES;
				CLANG_WARN_INT_CONVERSION = YES;
				CLANG_WARN_OBJC_ROOT_CLASS = YES_ERROR;
				CLANG_WARN_UNREACHABLE_CODE = YES;
				CLANG_WARN__DUPLICATE_METHOD_MATCH = YES;
				"CODE_SIGN_IDENTITY[sdk=iphoneos*]" = "iPhone Developer";
				COPY_PHASE_STRIP = NO;
				DEBUG_INFORMATION_FORMAT = "dwarf-with-dsym";
				ENABLE_STRICT_OBJC_MSGSEND = YES;
				GCC_C_LANGUAGE_STANDARD = gnu99;
				GCC_DYNAMIC_NO_PIC = NO;
				GCC_NO_COMMON_BLOCKS = YES;
				GCC_OPTIMIZATION_LEVEL = 0;
				GCC_PREPROCESSOR_DEFINITIONS = (
					"DEBUG=1",
					"$(inherited)",
				);
				GCC_SYMBOLS_PRIVATE_EXTERN = NO;
				GCC_WARN_64_TO_32_BIT_CONVERSION = YES;
				GCC_WARN_ABOUT_RETURN_TYPE = YES_ERROR;
				GCC_WARN_UNDECLARED_SELECTOR = YES;
				GCC_WARN_UNINITIALIZED_AUTOS = YES_AGGRESSIVE;
				GCC_WARN_UNUSED_FUNCTION = YES;
				GCC_WARN_UNUSED_VARIABLE = YES;
				IPHONEOS_DEPLOYMENT_TARGET = 8.3;
				MTL_ENABLE_DEBUG_INFO = YES;
				ONLY_ACTIVE_ARCH = YES;
				SDKROOT = iphoneos;
				TARGETED_DEVICE_FAMILY = "1,2";
			};
			name = Debug;
		};
		C04AB3021B1EB5E300333F05 /* Release */ = {
			isa = XCBuildConfiguration;
			baseConfigurationReference = 5995C1EE603912972442646E /* Pods.release.xcconfig */;
			buildSettings = {
				ALWAYS_SEARCH_USER_PATHS = NO;
				CLANG_CXX_LANGUAGE_STANDARD = "gnu++0x";
				CLANG_CXX_LIBRARY = "libc++";
				CLANG_ENABLE_MODULES = YES;
				CLANG_ENABLE_OBJC_ARC = YES;
				CLANG_WARN_BOOL_CONVERSION = YES;
				CLANG_WARN_CONSTANT_CONVERSION = YES;
				CLANG_WARN_DIRECT_OBJC_ISA_USAGE = YES_ERROR;
				CLANG_WARN_EMPTY_BODY = YES;
				CLANG_WARN_ENUM_CONVERSION = YES;
				CLANG_WARN_INT_CONVERSION = YES;
				CLANG_WARN_OBJC_ROOT_CLASS = YES_ERROR;
				CLANG_WARN_UNREACHABLE_CODE = YES;
				CLANG_WARN__DUPLICATE_METHOD_MATCH = YES;
				"CODE_SIGN_IDENTITY[sdk=iphoneos*]" = "iPhone Developer";
				COPY_PHASE_STRIP = NO;
				DEBUG_INFORMATION_FORMAT = "dwarf-with-dsym";
				ENABLE_NS_ASSERTIONS = NO;
				ENABLE_STRICT_OBJC_MSGSEND = YES;
				GCC_C_LANGUAGE_STANDARD = gnu99;
				GCC_NO_COMMON_BLOCKS = YES;
				GCC_WARN_64_TO_32_BIT_CONVERSION = YES;
				GCC_WARN_ABOUT_RETURN_TYPE = YES_ERROR;
				GCC_WARN_UNDECLARED_SELECTOR = YES;
				GCC_WARN_UNINITIALIZED_AUTOS = YES_AGGRESSIVE;
				GCC_WARN_UNUSED_FUNCTION = YES;
				GCC_WARN_UNUSED_VARIABLE = YES;
				IPHONEOS_DEPLOYMENT_TARGET = 8.3;
				MTL_ENABLE_DEBUG_INFO = NO;
				SDKROOT = iphoneos;
				TARGETED_DEVICE_FAMILY = "1,2";
				VALIDATE_PRODUCT = YES;
			};
			name = Release;
		};
		C04AB3041B1EB5E300333F05 /* Debug */ = {
			isa = XCBuildConfiguration;
			baseConfigurationReference = 3AB77D37870A1B8F5E16F51E /* Pods.debug.xcconfig */;
			buildSettings = {
				ALWAYS_SEARCH_USER_PATHS = NO;
				ASSETCATALOG_COMPILER_APPICON_NAME = AppIcon;
				INFOPLIST_FILE = "Flight Search/Info.plist";
				LD_RUNPATH_SEARCH_PATHS = "$(inherited) @executable_path/Frameworks";
				PRODUCT_NAME = "$(TARGET_NAME)";
			};
			name = Debug;
		};
		C04AB3051B1EB5E300333F05 /* Release */ = {
			isa = XCBuildConfiguration;
			baseConfigurationReference = 5995C1EE603912972442646E /* Pods.release.xcconfig */;
			buildSettings = {
				ALWAYS_SEARCH_USER_PATHS = NO;
				ASSETCATALOG_COMPILER_APPICON_NAME = AppIcon;
				INFOPLIST_FILE = "Flight Search/Info.plist";
				LD_RUNPATH_SEARCH_PATHS = "$(inherited) @executable_path/Frameworks";
				PRODUCT_NAME = "$(TARGET_NAME)";
			};
			name = Release;
		};
		C04AB3071B1EB5E300333F05 /* Debug */ = {
			isa = XCBuildConfiguration;
			baseConfigurationReference = 3AB77D37870A1B8F5E16F51E /* Pods.debug.xcconfig */;
			buildSettings = {
				BUNDLE_LOADER = "$(TEST_HOST)";
				FRAMEWORK_SEARCH_PATHS = (
					"$(SDKROOT)/Developer/Library/Frameworks",
					"$(inherited)",
				);
				GCC_PREPROCESSOR_DEFINITIONS = (
					"DEBUG=1",
					"$(inherited)",
				);
				INFOPLIST_FILE = "Flight SearchTests/Info.plist";
				LD_RUNPATH_SEARCH_PATHS = "$(inherited) @executable_path/Frameworks @loader_path/Frameworks";
				PRODUCT_NAME = "$(TARGET_NAME)";
				TEST_HOST = "$(BUILT_PRODUCTS_DIR)/Flight Search.app/Flight Search";
			};
			name = Debug;
		};
		C04AB3081B1EB5E300333F05 /* Release */ = {
			isa = XCBuildConfiguration;
			baseConfigurationReference = 5995C1EE603912972442646E /* Pods.release.xcconfig */;
			buildSettings = {
				BUNDLE_LOADER = "$(TEST_HOST)";
				FRAMEWORK_SEARCH_PATHS = (
					"$(SDKROOT)/Developer/Library/Frameworks",
					"$(inherited)",
				);
				INFOPLIST_FILE = "Flight SearchTests/Info.plist";
				LD_RUNPATH_SEARCH_PATHS = "$(inherited) @executable_path/Frameworks @loader_path/Frameworks";
				PRODUCT_NAME = "$(TARGET_NAME)";
				TEST_HOST = "$(BUILT_PRODUCTS_DIR)/Flight Search.app/Flight Search";
			};
			name = Release;
		};
/* End XCBuildConfiguration section */

/* Begin XCConfigurationList section */
		C04AB2DB1B1EB5E100333F05 /* Build configuration list for PBXProject "Flight Search" */ = {
			isa = XCConfigurationList;
			buildConfigurations = (
				C04AB3011B1EB5E300333F05 /* Debug */,
				C04AB3021B1EB5E300333F05 /* Release */,
			);
			defaultConfigurationIsVisible = 0;
			defaultConfigurationName = Release;
		};
		C04AB3031B1EB5E300333F05 /* Build configuration list for PBXNativeTarget "Flight Search" */ = {
			isa = XCConfigurationList;
			buildConfigurations = (
				C04AB3041B1EB5E300333F05 /* Debug */,
				C04AB3051B1EB5E300333F05 /* Release */,
			);
			defaultConfigurationIsVisible = 0;
			defaultConfigurationName = Release;
		};
		C04AB3061B1EB5E300333F05 /* Build configuration list for PBXNativeTarget "Flight SearchTests" */ = {
			isa = XCConfigurationList;
			buildConfigurations = (
				C04AB3071B1EB5E300333F05 /* Debug */,
				C04AB3081B1EB5E300333F05 /* Release */,
			);
			defaultConfigurationIsVisible = 0;
			defaultConfigurationName = Release;
		};
/* End XCConfigurationList section */
	};
	rootObject = C04AB2D81B1EB5E100333F05 /* Project object */;
}
